{
  "version": 4,
  "terraform_version": "1.13.4",
  "serial": 905,
  "lineage": "67f8f873-0a37-5e22-e99b-f170d64ca349",
  "outputs": {
    "all_vm_ips": {
      "value": {
        "core": [
          "146.148.35.180"
        ],
        "proxy": [
          "34.57.218.88"
        ],
        "scrape": [
          "104.197.196.207"
        ]
      },
      "type": [
        "object",
        {
          "core": [
            "tuple",
            [
              "string"
            ]
          ],
          "proxy": [
            "tuple",
            [
              "string"
            ]
          ],
          "scrape": [
            "tuple",
            [
              "string"
            ]
          ]
        }
      ]
    },
    "ansible_inventory_preview": {
      "value": "[core]\nvm-core-1 ansible_host=146.148.35.180 ansible_user=superdeploy\n\n[scrape]\nvm-scrape-1 ansible_host=104.197.196.207 ansible_user=superdeploy\n\n[proxy]\nvm-proxy-1 ansible_host=34.57.218.88 ansible_user=superdeploy\n",
      "type": "string"
    },
    "edge_ip": {
      "value": "146.148.35.180",
      "type": "string"
    },
    "network_name": {
      "value": "superdeploy-dev-network",
      "type": "string"
    },
    "proxy_ips_list": {
      "value": "34.57.218.88",
      "type": "string"
    },
    "subnet_name": {
      "value": "superdeploy-dev-network-subnet",
      "type": "string"
    },
    "vm_core_internal_ips": {
      "value": [
        "10.0.0.3"
      ],
      "type": [
        "tuple",
        [
          "string"
        ]
      ]
    },
    "vm_core_names": {
      "value": [
        "vm-core-1"
      ],
      "type": [
        "tuple",
        [
          "string"
        ]
      ]
    },
    "vm_core_public_ips": {
      "value": [
        "146.148.35.180"
      ],
      "type": [
        "tuple",
        [
          "string"
        ]
      ]
    },
    "vm_proxy_internal_ips": {
      "value": [
        "10.0.0.2"
      ],
      "type": [
        "tuple",
        [
          "string"
        ]
      ]
    },
    "vm_proxy_names": {
      "value": [
        "vm-proxy-1"
      ],
      "type": [
        "tuple",
        [
          "string"
        ]
      ]
    },
    "vm_proxy_public_ips": {
      "value": [
        "34.57.218.88"
      ],
      "type": [
        "tuple",
        [
          "string"
        ]
      ]
    },
    "vm_scrape_internal_ips": {
      "value": [
        "10.0.0.4"
      ],
      "type": [
        "tuple",
        [
          "string"
        ]
      ]
    },
    "vm_scrape_names": {
      "value": [
        "vm-scrape-1"
      ],
      "type": [
        "tuple",
        [
          "string"
        ]
      ]
    },
    "vm_scrape_public_ips": {
      "value": [
        "104.197.196.207"
      ],
      "type": [
        "tuple",
        [
          "string"
        ]
      ]
    }
  },
  "resources": [
    {
      "mode": "data",
      "type": "google_client_config",
      "name": "current",
      "provider": "provider[\"registry.terraform.io/hashicorp/google\"]",
      "instances": [
        {
          "schema_version": 0,
          "attributes": {
            "access_token": "ya29.a0AQQ_BDScH8FPpqOG56GT4voDZ77c3yf18afmzoPq0VUaSajNFimjP_YPdSgAnwUbLLJqXUidx05EOWS3hRt8U-4Y5-kB4B_BZ_sal-Or5ZDWcfl-Ilou9wYU0_cgTMh5JX1w0WYPLIQ-A-fi6RHbgSl-ObmOOKyDzs_Df17PCuReUyp1DnhEQvIB2Y6_UiE1ltEKiVEOaCgYKAZMSARESFQHGX2Miype5LNEEZlfL7W3UkpXEWA0207",
            "default_labels": null,
            "id": "projects/\"galvanic-camp-475519-d6\"/regions/\"us-central1\"/zones/\"us-central1-a\"",
            "project": "galvanic-camp-475519-d6",
            "region": "us-central1",
            "zone": "us-central1-a"
          },
          "sensitive_attributes": [
            [
              {
                "type": "get_attr",
                "value": "access_token"
              }
            ]
          ],
          "identity_schema_version": 0
        }
      ]
    },
    {
      "module": "module.network",
      "mode": "managed",
      "type": "google_compute_firewall",
      "name": "allow_api_direct",
      "provider": "provider[\"registry.terraform.io/hashicorp/google\"]",
      "instances": [
        {
          "schema_version": 1,
          "attributes": {
            "allow": [
              {
                "ports": [
                  "8000"
                ],
                "protocol": "tcp"
              }
            ],
            "creation_timestamp": "2025-10-24T07:53:55.970-07:00",
            "deny": [],
            "description": "Allow direct API access (usually proxied via Caddy)",
            "destination_ranges": [],
            "direction": "INGRESS",
            "disabled": false,
            "enable_logging": null,
            "id": "projects/galvanic-camp-475519-d6/global/firewalls/superdeploy-dev-network-allow-api-direct",
            "log_config": [],
            "name": "superdeploy-dev-network-allow-api-direct",
            "network": "https://www.googleapis.com/compute/v1/projects/galvanic-camp-475519-d6/global/networks/superdeploy-dev-network",
            "priority": 1000,
            "project": "galvanic-camp-475519-d6",
            "self_link": "https://www.googleapis.com/compute/v1/projects/galvanic-camp-475519-d6/global/firewalls/superdeploy-dev-network-allow-api-direct",
            "source_ranges": [
              "0.0.0.0/0"
            ],
            "source_service_accounts": null,
            "source_tags": null,
            "target_service_accounts": null,
            "target_tags": [
              "api",
              "core"
            ],
            "timeouts": null
          },
          "sensitive_attributes": [],
          "identity_schema_version": 0,
          "private": "eyJlMmJmYjczMC1lY2FhLTExZTYtOGY4OC0zNDM2M2JjN2M0YzAiOnsiY3JlYXRlIjoxMjAwMDAwMDAwMDAwLCJkZWxldGUiOjEyMDAwMDAwMDAwMDAsInVwZGF0ZSI6MTIwMDAwMDAwMDAwMH0sInNjaGVtYV92ZXJzaW9uIjoiMSJ9",
          "dependencies": [
            "module.network.google_compute_network.vpc"
          ]
        }
      ]
    },
    {
      "module": "module.network",
      "mode": "managed",
      "type": "google_compute_firewall",
      "name": "allow_http_https",
      "provider": "provider[\"registry.terraform.io/hashicorp/google\"]",
      "instances": [
        {
          "schema_version": 1,
          "attributes": {
            "allow": [
              {
                "ports": [
                  "80",
                  "443",
                  "3001"
                ],
                "protocol": "tcp"
              }
            ],
            "creation_timestamp": "2025-10-24T07:53:55.899-07:00",
            "deny": [],
            "description": "Allow HTTP/HTTPS and Forgejo (3001) to edge servers",
            "destination_ranges": [],
            "direction": "INGRESS",
            "disabled": false,
            "enable_logging": null,
            "id": "projects/galvanic-camp-475519-d6/global/firewalls/superdeploy-dev-network-allow-http-https",
            "log_config": [],
            "name": "superdeploy-dev-network-allow-http-https",
            "network": "https://www.googleapis.com/compute/v1/projects/galvanic-camp-475519-d6/global/networks/superdeploy-dev-network",
            "priority": 1000,
            "project": "galvanic-camp-475519-d6",
            "self_link": "https://www.googleapis.com/compute/v1/projects/galvanic-camp-475519-d6/global/firewalls/superdeploy-dev-network-allow-http-https",
            "source_ranges": [
              "0.0.0.0/0"
            ],
            "source_service_accounts": null,
            "source_tags": null,
            "target_service_accounts": null,
            "target_tags": [
              "core",
              "edge"
            ],
            "timeouts": null
          },
          "sensitive_attributes": [],
          "identity_schema_version": 0,
          "private": "eyJlMmJmYjczMC1lY2FhLTExZTYtOGY4OC0zNDM2M2JjN2M0YzAiOnsiY3JlYXRlIjoxMjAwMDAwMDAwMDAwLCJkZWxldGUiOjEyMDAwMDAwMDAwMDAsInVwZGF0ZSI6MTIwMDAwMDAwMDAwMH0sInNjaGVtYV92ZXJzaW9uIjoiMSJ9",
          "dependencies": [
            "module.network.google_compute_network.vpc"
          ]
        }
      ]
    },
    {
      "module": "module.network",
      "mode": "managed",
      "type": "google_compute_firewall",
      "name": "allow_internal",
      "provider": "provider[\"registry.terraform.io/hashicorp/google\"]",
      "instances": [
        {
          "schema_version": 1,
          "attributes": {
            "allow": [
              {
                "ports": [
                  "0-65535"
                ],
                "protocol": "tcp"
              },
              {
                "ports": [
                  "0-65535"
                ],
                "protocol": "udp"
              },
              {
                "ports": [],
                "protocol": "icmp"
              }
            ],
            "creation_timestamp": "2025-10-24T07:53:55.974-07:00",
            "deny": [],
            "description": "Allow all internal communication within VPC",
            "destination_ranges": [],
            "direction": "INGRESS",
            "disabled": false,
            "enable_logging": null,
            "id": "projects/galvanic-camp-475519-d6/global/firewalls/superdeploy-dev-network-allow-internal",
            "log_config": [],
            "name": "superdeploy-dev-network-allow-internal",
            "network": "https://www.googleapis.com/compute/v1/projects/galvanic-camp-475519-d6/global/networks/superdeploy-dev-network",
            "priority": 1000,
            "project": "galvanic-camp-475519-d6",
            "self_link": "https://www.googleapis.com/compute/v1/projects/galvanic-camp-475519-d6/global/firewalls/superdeploy-dev-network-allow-internal",
            "source_ranges": [
              "10.0.0.0/24"
            ],
            "source_service_accounts": null,
            "source_tags": null,
            "target_service_accounts": null,
            "target_tags": null,
            "timeouts": null
          },
          "sensitive_attributes": [],
          "identity_schema_version": 0,
          "private": "eyJlMmJmYjczMC1lY2FhLTExZTYtOGY4OC0zNDM2M2JjN2M0YzAiOnsiY3JlYXRlIjoxMjAwMDAwMDAwMDAwLCJkZWxldGUiOjEyMDAwMDAwMDAwMDAsInVwZGF0ZSI6MTIwMDAwMDAwMDAwMH0sInNjaGVtYV92ZXJzaW9uIjoiMSJ9",
          "dependencies": [
            "module.network.google_compute_network.vpc"
          ]
        }
      ]
    },
    {
      "module": "module.network",
      "mode": "managed",
      "type": "google_compute_firewall",
      "name": "allow_proxy",
      "provider": "provider[\"registry.terraform.io/hashicorp/google\"]",
      "instances": [
        {
          "schema_version": 1,
          "attributes": {
            "allow": [
              {
                "ports": [
                  "1080",
                  "3128",
                  "8888"
                ],
                "protocol": "tcp"
              }
            ],
            "creation_timestamp": "2025-10-24T07:53:55.901-07:00",
            "deny": [],
            "description": "Allow proxy connections - PUBLIC ACCESS",
            "destination_ranges": [],
            "direction": "INGRESS",
            "disabled": false,
            "enable_logging": null,
            "id": "projects/galvanic-camp-475519-d6/global/firewalls/superdeploy-dev-network-allow-proxy",
            "log_config": [],
            "name": "superdeploy-dev-network-allow-proxy",
            "network": "https://www.googleapis.com/compute/v1/projects/galvanic-camp-475519-d6/global/networks/superdeploy-dev-network",
            "priority": 1000,
            "project": "galvanic-camp-475519-d6",
            "self_link": "https://www.googleapis.com/compute/v1/projects/galvanic-camp-475519-d6/global/firewalls/superdeploy-dev-network-allow-proxy",
            "source_ranges": [
              "0.0.0.0/0"
            ],
            "source_service_accounts": null,
            "source_tags": null,
            "target_service_accounts": null,
            "target_tags": [
              "proxy"
            ],
            "timeouts": null
          },
          "sensitive_attributes": [],
          "identity_schema_version": 0,
          "private": "eyJlMmJmYjczMC1lY2FhLTExZTYtOGY4OC0zNDM2M2JjN2M0YzAiOnsiY3JlYXRlIjoxMjAwMDAwMDAwMDAwLCJkZWxldGUiOjEyMDAwMDAwMDAwMDAsInVwZGF0ZSI6MTIwMDAwMDAwMDAwMH0sInNjaGVtYV92ZXJzaW9uIjoiMSJ9",
          "dependencies": [
            "module.network.google_compute_network.vpc"
          ]
        }
      ]
    },
    {
      "module": "module.network",
      "mode": "managed",
      "type": "google_compute_firewall",
      "name": "allow_proxy_registry",
      "provider": "provider[\"registry.terraform.io/hashicorp/google\"]",
      "instances": [
        {
          "schema_version": 1,
          "attributes": {
            "allow": [
              {
                "ports": [
                  "8080"
                ],
                "protocol": "tcp"
              }
            ],
            "creation_timestamp": "2025-10-24T07:53:55.908-07:00",
            "deny": [],
            "description": "Proxy Registry - PUBLIC ACCESS",
            "destination_ranges": [],
            "direction": "INGRESS",
            "disabled": false,
            "enable_logging": null,
            "id": "projects/galvanic-camp-475519-d6/global/firewalls/superdeploy-dev-network-allow-proxy-registry",
            "log_config": [],
            "name": "superdeploy-dev-network-allow-proxy-registry",
            "network": "https://www.googleapis.com/compute/v1/projects/galvanic-camp-475519-d6/global/networks/superdeploy-dev-network",
            "priority": 1000,
            "project": "galvanic-camp-475519-d6",
            "self_link": "https://www.googleapis.com/compute/v1/projects/galvanic-camp-475519-d6/global/firewalls/superdeploy-dev-network-allow-proxy-registry",
            "source_ranges": [
              "0.0.0.0/0"
            ],
            "source_service_accounts": null,
            "source_tags": null,
            "target_service_accounts": null,
            "target_tags": [
              "core"
            ],
            "timeouts": null
          },
          "sensitive_attributes": [],
          "identity_schema_version": 0,
          "private": "eyJlMmJmYjczMC1lY2FhLTExZTYtOGY4OC0zNDM2M2JjN2M0YzAiOnsiY3JlYXRlIjoxMjAwMDAwMDAwMDAwLCJkZWxldGUiOjEyMDAwMDAwMDAwMDAsInVwZGF0ZSI6MTIwMDAwMDAwMDAwMH0sInNjaGVtYV92ZXJzaW9uIjoiMSJ9",
          "dependencies": [
            "module.network.google_compute_network.vpc"
          ]
        }
      ]
    },
    {
      "module": "module.network",
      "mode": "managed",
      "type": "google_compute_firewall",
      "name": "allow_rabbitmq_management",
      "provider": "provider[\"registry.terraform.io/hashicorp/google\"]",
      "instances": [
        {
          "schema_version": 1,
          "attributes": {
            "allow": [
              {
                "ports": [
                  "15672"
                ],
                "protocol": "tcp"
              }
            ],
            "creation_timestamp": "2025-10-24T07:53:55.937-07:00",
            "deny": [],
            "description": "RabbitMQ Management - PUBLIC ACCESS",
            "destination_ranges": [],
            "direction": "INGRESS",
            "disabled": false,
            "enable_logging": null,
            "id": "projects/galvanic-camp-475519-d6/global/firewalls/superdeploy-dev-network-allow-rabbitmq-mgmt",
            "log_config": [],
            "name": "superdeploy-dev-network-allow-rabbitmq-mgmt",
            "network": "https://www.googleapis.com/compute/v1/projects/galvanic-camp-475519-d6/global/networks/superdeploy-dev-network",
            "priority": 1000,
            "project": "galvanic-camp-475519-d6",
            "self_link": "https://www.googleapis.com/compute/v1/projects/galvanic-camp-475519-d6/global/firewalls/superdeploy-dev-network-allow-rabbitmq-mgmt",
            "source_ranges": [
              "0.0.0.0/0"
            ],
            "source_service_accounts": null,
            "source_tags": null,
            "target_service_accounts": null,
            "target_tags": [
              "core",
              "queue"
            ],
            "timeouts": null
          },
          "sensitive_attributes": [],
          "identity_schema_version": 0,
          "private": "eyJlMmJmYjczMC1lY2FhLTExZTYtOGY4OC0zNDM2M2JjN2M0YzAiOnsiY3JlYXRlIjoxMjAwMDAwMDAwMDAwLCJkZWxldGUiOjEyMDAwMDAwMDAwMDAsInVwZGF0ZSI6MTIwMDAwMDAwMDAwMH0sInNjaGVtYV92ZXJzaW9uIjoiMSJ9",
          "dependencies": [
            "module.network.google_compute_network.vpc"
          ]
        }
      ]
    },
    {
      "module": "module.network",
      "mode": "managed",
      "type": "google_compute_firewall",
      "name": "allow_services",
      "provider": "provider[\"registry.terraform.io/hashicorp/google\"]",
      "instances": [
        {
          "schema_version": 1,
          "attributes": {
            "allow": [
              {
                "ports": [
                  "5432",
                  "5672"
                ],
                "protocol": "tcp"
              }
            ],
            "creation_timestamp": "2025-10-24T07:53:56.088-07:00",
            "deny": [],
            "description": "Allow worker VMs to access core services (DB, Queue) - INTERNAL ONLY",
            "destination_ranges": [],
            "direction": "INGRESS",
            "disabled": false,
            "enable_logging": null,
            "id": "projects/galvanic-camp-475519-d6/global/firewalls/superdeploy-dev-network-allow-services",
            "log_config": [],
            "name": "superdeploy-dev-network-allow-services",
            "network": "https://www.googleapis.com/compute/v1/projects/galvanic-camp-475519-d6/global/networks/superdeploy-dev-network",
            "priority": 1000,
            "project": "galvanic-camp-475519-d6",
            "self_link": "https://www.googleapis.com/compute/v1/projects/galvanic-camp-475519-d6/global/firewalls/superdeploy-dev-network-allow-services",
            "source_ranges": null,
            "source_service_accounts": null,
            "source_tags": [
              "scrape",
              "worker"
            ],
            "target_service_accounts": null,
            "target_tags": [
              "core",
              "db",
              "queue"
            ],
            "timeouts": null
          },
          "sensitive_attributes": [],
          "identity_schema_version": 0,
          "private": "eyJlMmJmYjczMC1lY2FhLTExZTYtOGY4OC0zNDM2M2JjN2M0YzAiOnsiY3JlYXRlIjoxMjAwMDAwMDAwMDAwLCJkZWxldGUiOjEyMDAwMDAwMDAwMDAsInVwZGF0ZSI6MTIwMDAwMDAwMDAwMH0sInNjaGVtYV92ZXJzaW9uIjoiMSJ9",
          "dependencies": [
            "module.network.google_compute_network.vpc"
          ]
        }
      ]
    },
    {
      "module": "module.network",
      "mode": "managed",
      "type": "google_compute_firewall",
      "name": "allow_ssh",
      "provider": "provider[\"registry.terraform.io/hashicorp/google\"]",
      "instances": [
        {
          "schema_version": 1,
          "attributes": {
            "allow": [
              {
                "ports": [
                  "22"
                ],
                "protocol": "tcp"
              }
            ],
            "creation_timestamp": "2025-10-24T07:53:55.931-07:00",
            "deny": [],
            "description": "Allow SSH from admin IP ranges",
            "destination_ranges": [],
            "direction": "INGRESS",
            "disabled": false,
            "enable_logging": null,
            "id": "projects/galvanic-camp-475519-d6/global/firewalls/superdeploy-dev-network-allow-ssh",
            "log_config": [],
            "name": "superdeploy-dev-network-allow-ssh",
            "network": "https://www.googleapis.com/compute/v1/projects/galvanic-camp-475519-d6/global/networks/superdeploy-dev-network",
            "priority": 1000,
            "project": "galvanic-camp-475519-d6",
            "self_link": "https://www.googleapis.com/compute/v1/projects/galvanic-camp-475519-d6/global/firewalls/superdeploy-dev-network-allow-ssh",
            "source_ranges": [
              "0.0.0.0/0"
            ],
            "source_service_accounts": null,
            "source_tags": null,
            "target_service_accounts": null,
            "target_tags": [
              "core",
              "proxy",
              "worker"
            ],
            "timeouts": null
          },
          "sensitive_attributes": [],
          "identity_schema_version": 0,
          "private": "eyJlMmJmYjczMC1lY2FhLTExZTYtOGY4OC0zNDM2M2JjN2M0YzAiOnsiY3JlYXRlIjoxMjAwMDAwMDAwMDAwLCJkZWxldGUiOjEyMDAwMDAwMDAwMDAsInVwZGF0ZSI6MTIwMDAwMDAwMDAwMH0sInNjaGVtYV92ZXJzaW9uIjoiMSJ9",
          "dependencies": [
            "module.network.google_compute_network.vpc"
          ]
        }
      ]
    },
    {
      "module": "module.network",
      "mode": "managed",
      "type": "google_compute_network",
      "name": "vpc",
      "provider": "provider[\"registry.terraform.io/hashicorp/google\"]",
      "instances": [
        {
          "schema_version": 0,
          "attributes": {
            "auto_create_subnetworks": false,
            "delete_default_routes_on_create": false,
            "description": "",
            "enable_ula_internal_ipv6": false,
            "gateway_ipv4": "",
            "id": "projects/galvanic-camp-475519-d6/global/networks/superdeploy-dev-network",
            "internal_ipv6_range": "",
            "mtu": 0,
            "name": "superdeploy-dev-network",
            "network_firewall_policy_enforcement_order": "AFTER_CLASSIC_FIREWALL",
            "numeric_id": "1554094474137054231",
            "project": "galvanic-camp-475519-d6",
            "routing_mode": "REGIONAL",
            "self_link": "https://www.googleapis.com/compute/v1/projects/galvanic-camp-475519-d6/global/networks/superdeploy-dev-network",
            "timeouts": null
          },
          "sensitive_attributes": [],
          "identity_schema_version": 0,
          "private": "eyJlMmJmYjczMC1lY2FhLTExZTYtOGY4OC0zNDM2M2JjN2M0YzAiOnsiY3JlYXRlIjoxMjAwMDAwMDAwMDAwLCJkZWxldGUiOjEyMDAwMDAwMDAwMDAsInVwZGF0ZSI6MTIwMDAwMDAwMDAwMH19"
        }
      ]
    },
    {
      "module": "module.network",
      "mode": "managed",
      "type": "google_compute_subnetwork",
      "name": "subnet",
      "provider": "provider[\"registry.terraform.io/hashicorp/google\"]",
      "instances": [
        {
          "schema_version": 0,
          "attributes": {
            "creation_timestamp": "2025-10-24T07:53:56.458-07:00",
            "description": "",
            "external_ipv6_prefix": "",
            "fingerprint": null,
            "gateway_address": "10.0.0.1",
            "id": "projects/galvanic-camp-475519-d6/regions/us-central1/subnetworks/superdeploy-dev-network-subnet",
            "internal_ipv6_prefix": "",
            "ip_cidr_range": "10.0.0.0/24",
            "ipv6_access_type": "",
            "ipv6_cidr_range": "",
            "log_config": [],
            "name": "superdeploy-dev-network-subnet",
            "network": "https://www.googleapis.com/compute/v1/projects/galvanic-camp-475519-d6/global/networks/superdeploy-dev-network",
            "private_ip_google_access": true,
            "private_ipv6_google_access": "DISABLE_GOOGLE_ACCESS",
            "project": "galvanic-camp-475519-d6",
            "purpose": "PRIVATE",
            "region": "us-central1",
            "role": "",
            "secondary_ip_range": [],
            "self_link": "https://www.googleapis.com/compute/v1/projects/galvanic-camp-475519-d6/regions/us-central1/subnetworks/superdeploy-dev-network-subnet",
            "send_secondary_ip_range_if_empty": null,
            "stack_type": "IPV4_ONLY",
            "timeouts": null
          },
          "sensitive_attributes": [],
          "identity_schema_version": 0,
          "private": "eyJlMmJmYjczMC1lY2FhLTExZTYtOGY4OC0zNDM2M2JjN2M0YzAiOnsiY3JlYXRlIjoxMjAwMDAwMDAwMDAwLCJkZWxldGUiOjEyMDAwMDAwMDAwMDAsInVwZGF0ZSI6MTIwMDAwMDAwMDAwMH19",
          "dependencies": [
            "module.network.google_compute_network.vpc"
          ]
        }
      ]
    },
    {
      "module": "module.vm_core[0]",
      "mode": "managed",
      "type": "google_compute_address",
      "name": "external_ip",
      "provider": "provider[\"registry.terraform.io/hashicorp/google\"]",
      "instances": [
        {
          "index_key": 0,
          "schema_version": 0,
          "attributes": {
            "address": "146.148.35.180",
            "address_type": "EXTERNAL",
            "creation_timestamp": "2025-10-24T07:53:44.846-07:00",
            "description": "",
            "effective_labels": {},
            "id": "projects/galvanic-camp-475519-d6/regions/us-central1/addresses/vm-core-1-ip",
            "ip_version": "",
            "ipv6_endpoint_type": "",
            "label_fingerprint": "42WmSpB8rSM=",
            "labels": null,
            "name": "vm-core-1-ip",
            "network": "",
            "network_tier": "PREMIUM",
            "prefix_length": 0,
            "project": "galvanic-camp-475519-d6",
            "purpose": "",
            "region": "us-central1",
            "self_link": "https://www.googleapis.com/compute/v1/projects/galvanic-camp-475519-d6/regions/us-central1/addresses/vm-core-1-ip",
            "subnetwork": "",
            "terraform_labels": {},
            "timeouts": null,
            "users": []
          },
          "sensitive_attributes": [],
          "identity_schema_version": 0,
          "private": "eyJlMmJmYjczMC1lY2FhLTExZTYtOGY4OC0zNDM2M2JjN2M0YzAiOnsiY3JlYXRlIjoxMjAwMDAwMDAwMDAwLCJkZWxldGUiOjEyMDAwMDAwMDAwMDAsInVwZGF0ZSI6MTIwMDAwMDAwMDAwMH19"
        }
      ]
    },
    {
      "module": "module.vm_core[0]",
      "mode": "managed",
      "type": "google_compute_instance",
      "name": "vm",
      "provider": "provider[\"registry.terraform.io/hashicorp/google\"]",
      "instances": [
        {
          "schema_version": 6,
          "attributes": {
            "advanced_machine_features": [],
            "allow_stopping_for_update": true,
            "attached_disk": [],
            "boot_disk": [
              {
                "auto_delete": true,
                "device_name": "persistent-disk-0",
                "disk_encryption_key_raw": "",
                "disk_encryption_key_sha256": "",
                "initialize_params": [
                  {
                    "enable_confidential_compute": false,
                    "image": "https://www.googleapis.com/compute/v1/projects/debian-cloud/global/images/debian-11-bullseye-v20251014",
                    "labels": {},
                    "provisioned_iops": 0,
                    "provisioned_throughput": 0,
                    "resource_manager_tags": null,
                    "size": 20,
                    "storage_pool": "",
                    "type": "pd-standard"
                  }
                ],
                "kms_key_self_link": "",
                "mode": "READ_WRITE",
                "source": "https://www.googleapis.com/compute/v1/projects/galvanic-camp-475519-d6/zones/us-central1-a/disks/vm-core-1"
              }
            ],
            "can_ip_forward": false,
            "confidential_instance_config": [],
            "cpu_platform": "Intel Broadwell",
            "current_status": "RUNNING",
            "deletion_protection": false,
            "description": "",
            "desired_status": null,
            "effective_labels": {
              "environment": "dev",
              "has_api": "true",
              "has_db": "true",
              "has_edge": "true",
              "has_queue": "true",
              "role": "core"
            },
            "enable_display": false,
            "guest_accelerator": [],
            "hostname": "",
            "id": "projects/galvanic-camp-475519-d6/zones/us-central1-a/instances/vm-core-1",
            "instance_id": "8322429802637569521",
            "label_fingerprint": "PYd1o027aJU=",
            "labels": {
              "environment": "dev",
              "has_api": "true",
              "has_db": "true",
              "has_edge": "true",
              "has_queue": "true",
              "role": "core"
            },
            "machine_type": "e2-medium",
            "metadata": {
              "ssh-keys": "superdeploy:ssh-ed25519 AAAAC3NzaC1lZDI1NTE5AAAAILIV8mSO1NNYqFED2c2dHLEAZQmBnGcEN+HhpEsJyyU8 deploy-only@superdeploy\n"
            },
            "metadata_fingerprint": "xpMFNfmf5iM=",
            "metadata_startup_script": "#!/bin/bash\n# Basic setup for Ansible\napt-get update\napt-get install -y python3 python3-pip sudo\n    \n# Create superdeploy user for Ansible\nif ! id superdeploy \u0026\u003e/dev/null; then\n  useradd -m -s /bin/bash superdeploy\n  echo \"superdeploy ALL=(ALL) NOPASSWD:ALL\" \u003e /etc/sudoers.d/superdeploy\nfi\n    \n# Add SSH key to superdeploy user\nmkdir -p /home/superdeploy/.ssh\necho \"ssh-ed25519 AAAAC3NzaC1lZDI1NTE5AAAAILIV8mSO1NNYqFED2c2dHLEAZQmBnGcEN+HhpEsJyyU8 deploy-only@superdeploy\n\" \u003e\u003e /home/superdeploy/.ssh/authorized_keys\nchown -R superdeploy:superdeploy /home/superdeploy/.ssh\nchmod 700 /home/superdeploy/.ssh\nchmod 600 /home/superdeploy/.ssh/authorized_keys\n",
            "min_cpu_platform": "",
            "name": "vm-core-1",
            "network_interface": [
              {
                "access_config": [
                  {
                    "nat_ip": "146.148.35.180",
                    "network_tier": "PREMIUM",
                    "public_ptr_domain_name": ""
                  }
                ],
                "alias_ip_range": [],
                "internal_ipv6_prefix_length": 0,
                "ipv6_access_config": [],
                "ipv6_access_type": "",
                "ipv6_address": "",
                "name": "nic0",
                "network": "https://www.googleapis.com/compute/v1/projects/galvanic-camp-475519-d6/global/networks/superdeploy-dev-network",
                "network_ip": "10.0.0.3",
                "nic_type": "",
                "queue_count": 0,
                "stack_type": "IPV4_ONLY",
                "subnetwork": "https://www.googleapis.com/compute/v1/projects/galvanic-camp-475519-d6/regions/us-central1/subnetworks/superdeploy-dev-network-subnet",
                "subnetwork_project": "galvanic-camp-475519-d6"
              }
            ],
            "network_performance_config": [],
            "params": [],
            "project": "galvanic-camp-475519-d6",
            "reservation_affinity": [],
            "resource_policies": null,
            "scheduling": [
              {
                "automatic_restart": true,
                "instance_termination_action": "",
                "local_ssd_recovery_timeout": [],
                "max_run_duration": [],
                "min_node_cpus": 0,
                "node_affinities": [],
                "on_host_maintenance": "MIGRATE",
                "on_instance_stop_action": [],
                "preemptible": false,
                "provisioning_model": "STANDARD"
              }
            ],
            "scratch_disk": [],
            "self_link": "https://www.googleapis.com/compute/v1/projects/galvanic-camp-475519-d6/zones/us-central1-a/instances/vm-core-1",
            "service_account": [
              {
                "email": "806653612707-compute@developer.gserviceaccount.com",
                "scopes": [
                  "https://www.googleapis.com/auth/cloud-platform"
                ]
              }
            ],
            "shielded_instance_config": [
              {
                "enable_integrity_monitoring": true,
                "enable_secure_boot": false,
                "enable_vtpm": true
              }
            ],
            "tags": [
              "api",
              "core",
              "db",
              "edge",
              "proxy-registry",
              "queue"
            ],
            "tags_fingerprint": "mE1o5ZpVT3s=",
            "terraform_labels": {
              "environment": "dev",
              "has_api": "true",
              "has_db": "true",
              "has_edge": "true",
              "has_queue": "true",
              "role": "core"
            },
            "timeouts": null,
            "zone": "us-central1-a"
          },
          "sensitive_attributes": [
            [
              {
                "type": "get_attr",
                "value": "boot_disk"
              },
              {
                "type": "index",
                "value": {
                  "value": 0,
                  "type": "number"
                }
              },
              {
                "type": "get_attr",
                "value": "disk_encryption_key_raw"
              }
            ]
          ],
          "identity_schema_version": 0,
          "private": "eyJlMmJmYjczMC1lY2FhLTExZTYtOGY4OC0zNDM2M2JjN2M0YzAiOnsiY3JlYXRlIjoxMjAwMDAwMDAwMDAwLCJkZWxldGUiOjEyMDAwMDAwMDAwMDAsInVwZGF0ZSI6MTIwMDAwMDAwMDAwMH0sInNjaGVtYV92ZXJzaW9uIjoiNiJ9",
          "dependencies": [
            "module.network.google_compute_network.vpc",
            "module.network.google_compute_subnetwork.subnet",
            "module.vm_core.google_compute_address.external_ip"
          ]
        }
      ]
    },
    {
      "module": "module.vm_proxy[0]",
      "mode": "managed",
      "type": "google_compute_address",
      "name": "external_ip",
      "provider": "provider[\"registry.terraform.io/hashicorp/google\"]",
      "instances": [
        {
          "index_key": 0,
          "schema_version": 0,
          "attributes": {
            "address": "34.57.218.88",
            "address_type": "EXTERNAL",
            "creation_timestamp": "2025-10-24T07:53:44.866-07:00",
            "description": "",
            "effective_labels": {},
            "id": "projects/galvanic-camp-475519-d6/regions/us-central1/addresses/vm-proxy-1-ip",
            "ip_version": "",
            "ipv6_endpoint_type": "",
            "label_fingerprint": "42WmSpB8rSM=",
            "labels": null,
            "name": "vm-proxy-1-ip",
            "network": "",
            "network_tier": "PREMIUM",
            "prefix_length": 0,
            "project": "galvanic-camp-475519-d6",
            "purpose": "",
            "region": "us-central1",
            "self_link": "https://www.googleapis.com/compute/v1/projects/galvanic-camp-475519-d6/regions/us-central1/addresses/vm-proxy-1-ip",
            "subnetwork": "",
            "terraform_labels": {},
            "timeouts": null,
            "users": []
          },
          "sensitive_attributes": [],
          "identity_schema_version": 0,
          "private": "eyJlMmJmYjczMC1lY2FhLTExZTYtOGY4OC0zNDM2M2JjN2M0YzAiOnsiY3JlYXRlIjoxMjAwMDAwMDAwMDAwLCJkZWxldGUiOjEyMDAwMDAwMDAwMDAsInVwZGF0ZSI6MTIwMDAwMDAwMDAwMH19"
        }
      ]
    },
    {
      "module": "module.vm_proxy[0]",
      "mode": "managed",
      "type": "google_compute_instance",
      "name": "vm",
      "provider": "provider[\"registry.terraform.io/hashicorp/google\"]",
      "instances": [
        {
          "schema_version": 6,
          "attributes": {
            "advanced_machine_features": [],
            "allow_stopping_for_update": true,
            "attached_disk": [],
            "boot_disk": [
              {
                "auto_delete": true,
                "device_name": "persistent-disk-0",
                "disk_encryption_key_raw": "",
                "disk_encryption_key_sha256": "",
                "initialize_params": [
                  {
                    "enable_confidential_compute": false,
                    "image": "https://www.googleapis.com/compute/v1/projects/debian-cloud/global/images/debian-11-bullseye-v20251014",
                    "labels": {},
                    "provisioned_iops": 0,
                    "provisioned_throughput": 0,
                    "resource_manager_tags": null,
                    "size": 20,
                    "storage_pool": "",
                    "type": "pd-standard"
                  }
                ],
                "kms_key_self_link": "",
                "mode": "READ_WRITE",
                "source": "https://www.googleapis.com/compute/v1/projects/galvanic-camp-475519-d6/zones/us-central1-a/disks/vm-proxy-1"
              }
            ],
            "can_ip_forward": false,
            "confidential_instance_config": [],
            "cpu_platform": "Intel Broadwell",
            "current_status": "RUNNING",
            "deletion_protection": false,
            "description": "",
            "desired_status": null,
            "effective_labels": {
              "environment": "dev",
              "has_proxy": "true",
              "role": "proxy"
            },
            "enable_display": false,
            "guest_accelerator": [],
            "hostname": "",
            "id": "projects/galvanic-camp-475519-d6/zones/us-central1-a/instances/vm-proxy-1",
            "instance_id": "2167919616554577393",
            "label_fingerprint": "HhustH_1feY=",
            "labels": {
              "environment": "dev",
              "has_proxy": "true",
              "role": "proxy"
            },
            "machine_type": "e2-small",
            "metadata": {
              "ssh-keys": "superdeploy:ssh-ed25519 AAAAC3NzaC1lZDI1NTE5AAAAILIV8mSO1NNYqFED2c2dHLEAZQmBnGcEN+HhpEsJyyU8 deploy-only@superdeploy\n"
            },
            "metadata_fingerprint": "xpMFNfmf5iM=",
            "metadata_startup_script": "#!/bin/bash\n# Basic setup for Ansible\napt-get update\napt-get install -y python3 python3-pip sudo\n    \n# Create superdeploy user for Ansible\nif ! id superdeploy \u0026\u003e/dev/null; then\n  useradd -m -s /bin/bash superdeploy\n  echo \"superdeploy ALL=(ALL) NOPASSWD:ALL\" \u003e /etc/sudoers.d/superdeploy\nfi\n    \n# Add SSH key to superdeploy user\nmkdir -p /home/superdeploy/.ssh\necho \"ssh-ed25519 AAAAC3NzaC1lZDI1NTE5AAAAILIV8mSO1NNYqFED2c2dHLEAZQmBnGcEN+HhpEsJyyU8 deploy-only@superdeploy\n\" \u003e\u003e /home/superdeploy/.ssh/authorized_keys\nchown -R superdeploy:superdeploy /home/superdeploy/.ssh\nchmod 700 /home/superdeploy/.ssh\nchmod 600 /home/superdeploy/.ssh/authorized_keys\n",
            "min_cpu_platform": "",
            "name": "vm-proxy-1",
            "network_interface": [
              {
                "access_config": [
                  {
                    "nat_ip": "34.57.218.88",
                    "network_tier": "PREMIUM",
                    "public_ptr_domain_name": ""
                  }
                ],
                "alias_ip_range": [],
                "internal_ipv6_prefix_length": 0,
                "ipv6_access_config": [],
                "ipv6_access_type": "",
                "ipv6_address": "",
                "name": "nic0",
                "network": "https://www.googleapis.com/compute/v1/projects/galvanic-camp-475519-d6/global/networks/superdeploy-dev-network",
                "network_ip": "10.0.0.2",
                "nic_type": "",
                "queue_count": 0,
                "stack_type": "IPV4_ONLY",
                "subnetwork": "https://www.googleapis.com/compute/v1/projects/galvanic-camp-475519-d6/regions/us-central1/subnetworks/superdeploy-dev-network-subnet",
                "subnetwork_project": "galvanic-camp-475519-d6"
              }
            ],
            "network_performance_config": [],
            "params": [],
            "project": "galvanic-camp-475519-d6",
            "reservation_affinity": [],
            "resource_policies": null,
            "scheduling": [
              {
                "automatic_restart": true,
                "instance_termination_action": "",
                "local_ssd_recovery_timeout": [],
                "max_run_duration": [],
                "min_node_cpus": 0,
                "node_affinities": [],
                "on_host_maintenance": "MIGRATE",
                "on_instance_stop_action": [],
                "preemptible": false,
                "provisioning_model": "STANDARD"
              }
            ],
            "scratch_disk": [],
            "self_link": "https://www.googleapis.com/compute/v1/projects/galvanic-camp-475519-d6/zones/us-central1-a/instances/vm-proxy-1",
            "service_account": [
              {
                "email": "806653612707-compute@developer.gserviceaccount.com",
                "scopes": [
                  "https://www.googleapis.com/auth/cloud-platform"
                ]
              }
            ],
            "shielded_instance_config": [
              {
                "enable_integrity_monitoring": true,
                "enable_secure_boot": false,
                "enable_vtpm": true
              }
            ],
            "tags": [
              "proxy",
              "socks",
              "tinyproxy"
            ],
            "tags_fingerprint": "XI3zkCzAfKw=",
            "terraform_labels": {
              "environment": "dev",
              "has_proxy": "true",
              "role": "proxy"
            },
            "timeouts": null,
            "zone": "us-central1-a"
          },
          "sensitive_attributes": [
            [
              {
                "type": "get_attr",
                "value": "boot_disk"
              },
              {
                "type": "index",
                "value": {
                  "value": 0,
                  "type": "number"
                }
              },
              {
                "type": "get_attr",
                "value": "disk_encryption_key_raw"
              }
            ]
          ],
          "identity_schema_version": 0,
          "private": "eyJlMmJmYjczMC1lY2FhLTExZTYtOGY4OC0zNDM2M2JjN2M0YzAiOnsiY3JlYXRlIjoxMjAwMDAwMDAwMDAwLCJkZWxldGUiOjEyMDAwMDAwMDAwMDAsInVwZGF0ZSI6MTIwMDAwMDAwMDAwMH0sInNjaGVtYV92ZXJzaW9uIjoiNiJ9",
          "dependencies": [
            "module.network.google_compute_network.vpc",
            "module.network.google_compute_subnetwork.subnet",
            "module.vm_proxy.google_compute_address.external_ip"
          ]
        }
      ]
    },
    {
      "module": "module.vm_scrape[0]",
      "mode": "managed",
      "type": "google_compute_address",
      "name": "external_ip",
      "provider": "provider[\"registry.terraform.io/hashicorp/google\"]",
      "instances": [
        {
          "index_key": 0,
          "schema_version": 0,
          "attributes": {
            "address": "104.197.196.207",
            "address_type": "EXTERNAL",
            "creation_timestamp": "2025-10-24T07:53:44.864-07:00",
            "description": "",
            "effective_labels": {},
            "id": "projects/galvanic-camp-475519-d6/regions/us-central1/addresses/vm-scrape-1-ip",
            "ip_version": "",
            "ipv6_endpoint_type": "",
            "label_fingerprint": "42WmSpB8rSM=",
            "labels": null,
            "name": "vm-scrape-1-ip",
            "network": "",
            "network_tier": "PREMIUM",
            "prefix_length": 0,
            "project": "galvanic-camp-475519-d6",
            "purpose": "",
            "region": "us-central1",
            "self_link": "https://www.googleapis.com/compute/v1/projects/galvanic-camp-475519-d6/regions/us-central1/addresses/vm-scrape-1-ip",
            "subnetwork": "",
            "terraform_labels": {},
            "timeouts": null,
            "users": []
          },
          "sensitive_attributes": [],
          "identity_schema_version": 0,
          "private": "eyJlMmJmYjczMC1lY2FhLTExZTYtOGY4OC0zNDM2M2JjN2M0YzAiOnsiY3JlYXRlIjoxMjAwMDAwMDAwMDAwLCJkZWxldGUiOjEyMDAwMDAwMDAwMDAsInVwZGF0ZSI6MTIwMDAwMDAwMDAwMH19"
        }
      ]
    },
    {
      "module": "module.vm_scrape[0]",
      "mode": "managed",
      "type": "google_compute_instance",
      "name": "vm",
      "provider": "provider[\"registry.terraform.io/hashicorp/google\"]",
      "instances": [
        {
          "schema_version": 6,
          "attributes": {
            "advanced_machine_features": [],
            "allow_stopping_for_update": true,
            "attached_disk": [],
            "boot_disk": [
              {
                "auto_delete": true,
                "device_name": "persistent-disk-0",
                "disk_encryption_key_raw": "",
                "disk_encryption_key_sha256": "",
                "initialize_params": [
                  {
                    "enable_confidential_compute": false,
                    "image": "https://www.googleapis.com/compute/v1/projects/debian-cloud/global/images/debian-11-bullseye-v20251014",
                    "labels": {},
                    "provisioned_iops": 0,
                    "provisioned_throughput": 0,
                    "resource_manager_tags": null,
                    "size": 100,
                    "storage_pool": "",
                    "type": "pd-standard"
                  }
                ],
                "kms_key_self_link": "",
                "mode": "READ_WRITE",
                "source": "https://www.googleapis.com/compute/v1/projects/galvanic-camp-475519-d6/zones/us-central1-a/disks/vm-scrape-1"
              }
            ],
            "can_ip_forward": false,
            "confidential_instance_config": [],
            "cpu_platform": "Intel Broadwell",
            "current_status": "RUNNING",
            "deletion_protection": false,
            "description": "",
            "desired_status": null,
            "effective_labels": {
              "environment": "dev",
              "has_worker": "true",
              "role": "scrape"
            },
            "enable_display": false,
            "guest_accelerator": [],
            "hostname": "",
            "id": "projects/galvanic-camp-475519-d6/zones/us-central1-a/instances/vm-scrape-1",
            "instance_id": "4094882923270254065",
            "label_fingerprint": "Wl23F36jvZU=",
            "labels": {
              "environment": "dev",
              "has_worker": "true",
              "role": "scrape"
            },
            "machine_type": "e2-standard-4",
            "metadata": {
              "ssh-keys": "superdeploy:ssh-ed25519 AAAAC3NzaC1lZDI1NTE5AAAAILIV8mSO1NNYqFED2c2dHLEAZQmBnGcEN+HhpEsJyyU8 deploy-only@superdeploy\n"
            },
            "metadata_fingerprint": "xpMFNfmf5iM=",
            "metadata_startup_script": "#!/bin/bash\n# Basic setup for Ansible\napt-get update\napt-get install -y python3 python3-pip sudo\n    \n# Create superdeploy user for Ansible\nif ! id superdeploy \u0026\u003e/dev/null; then\n  useradd -m -s /bin/bash superdeploy\n  echo \"superdeploy ALL=(ALL) NOPASSWD:ALL\" \u003e /etc/sudoers.d/superdeploy\nfi\n    \n# Add SSH key to superdeploy user\nmkdir -p /home/superdeploy/.ssh\necho \"ssh-ed25519 AAAAC3NzaC1lZDI1NTE5AAAAILIV8mSO1NNYqFED2c2dHLEAZQmBnGcEN+HhpEsJyyU8 deploy-only@superdeploy\n\" \u003e\u003e /home/superdeploy/.ssh/authorized_keys\nchown -R superdeploy:superdeploy /home/superdeploy/.ssh\nchmod 700 /home/superdeploy/.ssh\nchmod 600 /home/superdeploy/.ssh/authorized_keys\n",
            "min_cpu_platform": "",
            "name": "vm-scrape-1",
            "network_interface": [
              {
                "access_config": [
                  {
                    "nat_ip": "104.197.196.207",
                    "network_tier": "PREMIUM",
                    "public_ptr_domain_name": ""
                  }
                ],
                "alias_ip_range": [],
                "internal_ipv6_prefix_length": 0,
                "ipv6_access_config": [],
                "ipv6_access_type": "",
                "ipv6_address": "",
                "name": "nic0",
                "network": "https://www.googleapis.com/compute/v1/projects/galvanic-camp-475519-d6/global/networks/superdeploy-dev-network",
                "network_ip": "10.0.0.4",
                "nic_type": "",
                "queue_count": 0,
                "stack_type": "IPV4_ONLY",
                "subnetwork": "https://www.googleapis.com/compute/v1/projects/galvanic-camp-475519-d6/regions/us-central1/subnetworks/superdeploy-dev-network-subnet",
                "subnetwork_project": "galvanic-camp-475519-d6"
              }
            ],
            "network_performance_config": [],
            "params": [],
            "project": "galvanic-camp-475519-d6",
            "reservation_affinity": [],
            "resource_policies": null,
            "scheduling": [
              {
                "automatic_restart": true,
                "instance_termination_action": "",
                "local_ssd_recovery_timeout": [],
                "max_run_duration": [],
                "min_node_cpus": 0,
                "node_affinities": [],
                "on_host_maintenance": "MIGRATE",
                "on_instance_stop_action": [],
                "preemptible": false,
                "provisioning_model": "STANDARD"
              }
            ],
            "scratch_disk": [],
            "self_link": "https://www.googleapis.com/compute/v1/projects/galvanic-camp-475519-d6/zones/us-central1-a/instances/vm-scrape-1",
            "service_account": [
              {
                "email": "806653612707-compute@developer.gserviceaccount.com",
                "scopes": [
                  "https://www.googleapis.com/auth/cloud-platform"
                ]
              }
            ],
            "shielded_instance_config": [
              {
                "enable_integrity_monitoring": true,
                "enable_secure_boot": false,
                "enable_vtpm": true
              }
            ],
            "tags": [
              "browser",
              "scrape",
              "worker"
            ],
            "tags_fingerprint": "TQE5T6DU4UU=",
            "terraform_labels": {
              "environment": "dev",
              "has_worker": "true",
              "role": "scrape"
            },
            "timeouts": null,
            "zone": "us-central1-a"
          },
          "sensitive_attributes": [
            [
              {
                "type": "get_attr",
                "value": "boot_disk"
              },
              {
                "type": "index",
                "value": {
                  "value": 0,
                  "type": "number"
                }
              },
              {
                "type": "get_attr",
                "value": "disk_encryption_key_raw"
              }
            ]
          ],
          "identity_schema_version": 0,
          "private": "eyJlMmJmYjczMC1lY2FhLTExZTYtOGY4OC0zNDM2M2JjN2M0YzAiOnsiY3JlYXRlIjoxMjAwMDAwMDAwMDAwLCJkZWxldGUiOjEyMDAwMDAwMDAwMDAsInVwZGF0ZSI6MTIwMDAwMDAwMDAwMH0sInNjaGVtYV92ZXJzaW9uIjoiNiJ9",
          "dependencies": [
            "module.network.google_compute_network.vpc",
            "module.network.google_compute_subnetwork.subnet",
            "module.vm_scrape.google_compute_address.external_ip"
          ]
        }
      ]
    }
  ],
  "check_results": null
}
